
Microsoft Visual Studio Solution File, Format Version 12.00
# Visual Studio Version 18
VisualStudioVersion = 18.6.11806.211
MinimumVisualStudioVersion = 10.0.40219.1
Project("{8BC9CEB8-8B4A-11D0-8D11-00A0C91BC942}") = "Vishwakarma", "code-core\Vishwakarma.vcxproj", "{15843AF6-EF3F-46D5-9321-BAB4770DB14C}"
	ProjectSection(ProjectDependencies) = postProject
		{4AF7E5DE-34F4-4F63-B34B-02966188D3E1} = {4AF7E5DE-34F4-4F63-B34B-02966188D3E1}
	EndProjectSection
EndProject
Project("{8BC9CEB8-8B4A-11D0-8D11-00A0C91BC942}") = "VishwakarmaExternal", "code-external\VishwakarmaExternal.vcxproj", "{4AF7E5DE-34F4-4F63-B34B-02966188D3E1}"
EndProject
Project("{8BC9CEB8-8B4A-11D0-8D11-00A0C91BC942}") = "VishwakarmaSetup", "code-core\VishwakarmaSetup.vcxproj", "{B7A61C57-2A9E-4B7D-9A66-3D4E8F2C1A90}"
	ProjectSection(ProjectDependencies) = postProject
		{15843AF6-EF3F-46D5-9321-BAB4770DB14C} = {15843AF6-EF3F-46D5-9321-BAB4770DB14C}
		{A3D3E7C1-52B6-4E29-BB4F-7A9C63D1F5E2} = {A3D3E7C1-52B6-4E29-BB4F-7A9C63D1F5E2}
	EndProjectSection
EndProject
Project("{8BC9CEB8-8B4A-11D0-8D11-00A0C91BC942}") = "VishwakarmaExtension", "code-core\VishwakarmaExtension.vcxproj", "{A3D3E7C1-52B6-4E29-BB4F-7A9C63D1F5E2}"
EndProject
Project("{2150E333-8FDC-42A3-9474-1A3956D46DE8}") = "code-miscellaneous", "code-miscellaneous", "{7E3F2B31-D7C2-49F7-8E40-8F8B7F8D56E6}"
	ProjectSection(SolutionItems) = preProject
		code-miscellaneous\GenerateDataStorageProtobuf.ps1 = code-miscellaneous\GenerateDataStorageProtobuf.ps1
	EndProjectSection
EndProject
Global
	GlobalSection(SolutionConfigurationPlatforms) = preSolution
		Debug|x64 = Debug|x64
		Release|x64 = Release|x64
	EndGlobalSection
	GlobalSection(ProjectConfigurationPlatforms) = postSolution
		{15843AF6-EF3F-46D5-9321-BAB4770DB14C}.Debug|x64.ActiveCfg = Debug|x64
		{15843AF6-EF3F-46D5-9321-BAB4770DB14C}.Debug|x64.Build.0 = Debug|x64
		{15843AF6-EF3F-46D5-9321-BAB4770DB14C}.Release|x64.ActiveCfg = Release|x64
		{15843AF6-EF3F-46D5-9321-BAB4770DB14C}.Release|x64.Build.0 = Release|x64
		{4AF7E5DE-34F4-4F63-B34B-02966188D3E1}.Debug|x64.ActiveCfg = Debug|x64
		{4AF7E5DE-34F4-4F63-B34B-02966188D3E1}.Debug|x64.Build.0 = Debug|x64
		{4AF7E5DE-34F4-4F63-B34B-02966188D3E1}.Release|x64.ActiveCfg = Release|x64
		{4AF7E5DE-34F4-4F63-B34B-02966188D3E1}.Release|x64.Build.0 = Release|x64
		{B7A61C57-2A9E-4B7D-9A66-3D4E8F2C1A90}.Debug|x64.ActiveCfg = Debug|x64
		{B7A61C57-2A9E-4B7D-9A66-3D4E8F2C1A90}.Debug|x64.Build.0 = Debug|x64
		{B7A61C57-2A9E-4B7D-9A66-3D4E8F2C1A90}.Release|x64.ActiveCfg = Release|x64
		{B7A61C57-2A9E-4B7D-9A66-3D4E8F2C1A90}.Release|x64.Build.0 = Release|x64
		{A3D3E7C1-52B6-4E29-BB4F-7A9C63D1F5E2}.Debug|x64.ActiveCfg = Debug|x64
		{A3D3E7C1-52B6-4E29-BB4F-7A9C63D1F5E2}.Debug|x64.Build.0 = Debug|x64
		{A3D3E7C1-52B6-4E29-BB4F-7A9C63D1F5E2}.Release|x64.ActiveCfg = Release|x64
		{A3D3E7C1-52B6-4E29-BB4F-7A9C63D1F5E2}.Release|x64.Build.0 = Release|x64
	EndGlobalSection
	GlobalSection(SolutionProperties) = preSolution
		HideSolutionNode = FALSE
	EndGlobalSection
	GlobalSection(ExtensibilityGlobals) = postSolution
		SolutionGuid = {FC05C818-F850-481E-8246-16FB5775A950}
	EndGlobalSection
EndGlobal
