<?xml version="1.0" encoding="utf-8"?>
<Project ToolsVersion="4.0" xmlns="http://schemas.microsoft.com/developer/msbuild/2003">
  <ItemGroup>
    <Filter Include="Source Files">
      <UniqueIdentifier>{4FC737F1-C7A5-4376-A066-2A32D752A2FF}</UniqueIdentifier>
      <Extensions>cpp;c;cc;cxx;c++;cppm;ixx;def;odl;idl;hpj;bat;asm;asmx</Extensions>
    </Filter>
    <Filter Include="Header Files">
      <UniqueIdentifier>{93995380-89BD-4b04-88EB-625FBE52EBFB}</UniqueIdentifier>
      <Extensions>h;hh;hpp;hxx;h++;hm;inl;inc;ipp;xsd</Extensions>
    </Filter>
    <Filter Include="Resource Files">
      <UniqueIdentifier>{67DA6AB6-F800-4c08-8B7A-83BB121AAD01}</UniqueIdentifier>
      <Extensions>rc;ico;cur;bmp;dlg;rc2;rct;bin;rgs;gif;jpg;jpeg;jpe;resx;tiff;tif;png;wav;mfcribbon-ms</Extensions>
    </Filter>
    <Filter Include="code-external">
      <UniqueIdentifier>{0c56ed5d-08f8-4877-a8a1-97d54641179c}</UniqueIdentifier>
    </Filter>
    <Filter Include="code-external\libpng">
      <UniqueIdentifier>{8c226d2a-fc97-4206-87a5-0da4d8aee3f4}</UniqueIdentifier>
    </Filter>
    <Filter Include="code-external\zlib">
      <UniqueIdentifier>{585bd2d6-790f-4201-ad79-dc436a562b80}</UniqueIdentifier>
    </Filter>
    <Filter Include="code-core">
      <UniqueIdentifier>{68182463-fd52-4702-81c4-57347c918c61}</UniqueIdentifier>
    </Filter>
  </ItemGroup>
  <ItemGroup>
    <ClCompile Include="Main.cpp">
      <Filter>Source Files</Filter>
    </ClCompile>
    <ClCompile Include="preCompiledHeadersWindows.cpp">
      <Filter>Source Files</Filter>
    </ClCompile>
    <ClCompile Include="..\code-external\libpng-code\png.c">
      <Filter>code-external\libpng</Filter>
    </ClCompile>
    <ClCompile Include="..\code-external\libpng-code\pngerror.c">
      <Filter>code-external\libpng</Filter>
    </ClCompile>
    <ClCompile Include="..\code-external\libpng-code\pngget.c">
      <Filter>code-external\libpng</Filter>
    </ClCompile>
    <ClCompile Include="..\code-external\libpng-code\pngmem.c">
      <Filter>code-external\libpng</Filter>
    </ClCompile>
    <ClCompile Include="..\code-external\libpng-code\pngpread.c">
      <Filter>code-external\libpng</Filter>
    </ClCompile>
    <ClCompile Include="..\code-external\libpng-code\pngrio.c">
      <Filter>code-external\libpng</Filter>
    </ClCompile>
    <ClCompile Include="..\code-external\libpng-code\pngrtran.c">
      <Filter>code-external\libpng</Filter>
    </ClCompile>
    <ClCompile Include="..\code-external\libpng-code\pngrutil.c">
      <Filter>code-external\libpng</Filter>
    </ClCompile>
    <ClCompile Include="..\code-external\libpng-code\pngset.c">
      <Filter>code-external\libpng</Filter>
    </ClCompile>
    <ClCompile Include="..\code-external\libpng-code\pngtrans.c">
      <Filter>code-external\libpng</Filter>
    </ClCompile>
    <ClCompile Include="..\code-external\libpng-code\pngwio.c">
      <Filter>code-external\libpng</Filter>
    </ClCompile>
    <ClCompile Include="..\code-external\libpng-code\pngwrite.c">
      <Filter>code-external\libpng</Filter>
    </ClCompile>
    <ClCompile Include="..\code-external\libpng-code\pngwtran.c">
      <Filter>code-external\libpng</Filter>
    </ClCompile>
    <ClCompile Include="..\code-external\libpng-code\pngwutil.c">
      <Filter>code-external\libpng</Filter>
    </ClCompile>
    <ClCompile Include="..\code-external\zlib\adler32.c">
      <Filter>code-external\zlib</Filter>
    </ClCompile>
    <ClCompile Include="..\code-external\zlib\crc32.c">
      <Filter>code-external\zlib</Filter>
    </ClCompile>
    <ClCompile Include="..\code-external\zlib\deflate.c">
      <Filter>code-external\zlib</Filter>
    </ClCompile>
    <ClCompile Include="..\code-external\zlib\infback.c">
      <Filter>code-external\zlib</Filter>
    </ClCompile>
    <ClCompile Include="..\code-external\zlib\inffast.c">
      <Filter>code-external\zlib</Filter>
    </ClCompile>
    <ClCompile Include="..\code-external\zlib\inflate.c">
      <Filter>code-external\zlib</Filter>
    </ClCompile>
    <ClCompile Include="..\code-external\zlib\inftrees.c">
      <Filter>code-external\zlib</Filter>
    </ClCompile>
    <ClCompile Include="..\code-external\zlib\trees.c">
      <Filter>code-external\zlib</Filter>
    </ClCompile>
    <ClCompile Include="..\code-external\zlib\zutil.c">
      <Filter>code-external\zlib</Filter>
    </ClCompile>
    <ClCompile Include="..\code-external\libpng-code\pngread.c">
      <Filter>code-external\libpng</Filter>
    </ClCompile>
    <ClCompile Include="जीपीयू-नियंत्रक.cpp">
      <Filter>Source Files</Filter>
    </ClCompile>
    <ClCompile Include="..\code-core\विश्वकर्मा.cpp">
      <Filter>code-core</Filter>
    </ClCompile>
    <ClCompile Include="..\code-core\CPURAM-Manager.cpp">
      <Filter>code-core</Filter>
    </ClCompile>
  </ItemGroup>
  <ItemGroup>
    <ClInclude Include="preCompiledHeadersWindows.h">
      <Filter>Source Files</Filter>
    </ClInclude>
    <ClInclude Include="resource.h">
      <Filter>Header Files</Filter>
    </ClInclude>
    <ClInclude Include="..\code-core\विश्वकर्मा.h">
      <Filter>code-core</Filter>
    </ClInclude>
    <ClInclude Include="जीपीयू-नियंत्रक.h">
      <Filter>Source Files</Filter>
    </ClInclude>
    <ClInclude Include="..\code-core\डेटा.h">
      <Filter>code-core</Filter>
    </ClInclude>
    <ClInclude Include="..\code-core\CPURAM-Manager.h">
      <Filter>code-core</Filter>
    </ClInclude>
    <ClInclude Include="..\code-core\डेटा-उपकरण.h">
      <Filter>code-core</Filter>
    </ClInclude>
    <ClInclude Include="..\code-core\डेटा-गतिशील-मशीन.h">
      <Filter>code-core</Filter>
    </ClInclude>
    <ClInclude Include="..\code-core\डेटा-पाइप.h">
      <Filter>code-core</Filter>
    </ClInclude>
    <ClInclude Include="..\code-core\डेटा-बिजली.h">
      <Filter>code-core</Filter>
    </ClInclude>
    <ClInclude Include="..\code-core\डेटा-संरचना.h">
      <Filter>code-core</Filter>
    </ClInclude>
    <ClInclude Include="..\code-core\डेटा-सामान्य-2D.h">
      <Filter>code-core</Filter>
    </ClInclude>
    <ClInclude Include="..\code-core\डेटा-सामान्य-3D.h">
      <Filter>code-core</Filter>
    </ClInclude>
    <ClInclude Include="..\code-core\डेटा-स्थिर-मशीन.h">
      <Filter>code-core</Filter>
    </ClInclude>
    <ClInclude Include="..\code-core\Input_UI_Network_File.h">
      <Filter>code-core</Filter>
    </ClInclude>
  </ItemGroup>
  <ItemGroup>
    <ResourceCompile Include="Vishwakarma.rc">
      <Filter>Resource Files</Filter>
    </ResourceCompile>
  </ItemGroup>
  <ItemGroup>
    <Image Include="..\code-core\logo.ico">
      <Filter>Resource Files</Filter>
    </Image>
  </ItemGroup>
  <ItemGroup>
    <FxCompile Include="VertexShader.hlsl" />
    <FxCompile Include="PixelShader.hlsl" />
  </ItemGroup>
</Project>