<?xml version="1.0" encoding="utf-8"?>
<Project ToolsVersion="4.0" xmlns="http://schemas.microsoft.com/developer/msbuild/2003">
  <ItemGroup>
    <Filter Include="code-core">
      <UniqueIdentifier>{4FC737F1-C7A5-4376-A066-2A32D752A2FF}</UniqueIdentifier>
      <Extensions>cpp;c;cc;cxx;c++;cppm;ixx;def;odl;idl;hpj;bat;asm;asmx</Extensions>
    </Filter>
    <Filter Include="code-miscellaneous">
      <UniqueIdentifier>{5F83BE0D-9D0E-49E6-9D5C-6823A487E5B9}</UniqueIdentifier>
    </Filter>
  </ItemGroup>
  <ItemGroup>
    <ClCompile Include="AccountManager.cpp">
      <Filter>code-core</Filter>
    </ClCompile>
    <ClCompile Include="ImprovementData.cpp">
      <Filter>code-core</Filter>
    </ClCompile>
    <ClCompile Include="DataTreeView.cpp">
      <Filter>code-core</Filter>
    </ClCompile>
    <ClCompile Include="PropertyPane.cpp">
      <Filter>code-core</Filter>
    </ClCompile>
    <ClCompile Include="DataStorage.cpp">
      <Filter>code-core</Filter>
    </ClCompile>
    <ClCompile Include="$(IntDir)GeneratedProtobuf\DataStorage_ARC2D.pb.cc">
      <Filter>code-core</Filter>
    </ClCompile>
    <ClCompile Include="$(IntDir)GeneratedProtobuf\DataStorage_CIRCLE2D.pb.cc">
      <Filter>code-core</Filter>
    </ClCompile>
    <ClCompile Include="$(IntDir)GeneratedProtobuf\DataStorage_Common3D.pb.cc">
      <Filter>code-core</Filter>
    </ClCompile>
    <ClCompile Include="$(IntDir)GeneratedProtobuf\DataStorage_CONE.pb.cc">
      <Filter>code-core</Filter>
    </ClCompile>
    <ClCompile Include="$(IntDir)GeneratedProtobuf\DataStorage_CUBOID.pb.cc">
      <Filter>code-core</Filter>
    </ClCompile>
    <ClCompile Include="$(IntDir)GeneratedProtobuf\DataStorage_CYLINDER.pb.cc">
      <Filter>code-core</Filter>
    </ClCompile>
    <ClCompile Include="$(IntDir)GeneratedProtobuf\DataStorage_ELLIPSOID.pb.cc">
      <Filter>code-core</Filter>
    </ClCompile>
    <ClCompile Include="$(IntDir)GeneratedProtobuf\DataStorage_ELLIPSE2D.pb.cc">
      <Filter>code-core</Filter>
    </ClCompile>
    <ClCompile Include="$(IntDir)GeneratedProtobuf\DataStorage_FOLDER.pb.cc">
      <Filter>code-core</Filter>
    </ClCompile>
    <ClCompile Include="$(IntDir)GeneratedProtobuf\DataStorage_FRUSTUM_OF_CONE.pb.cc">
      <Filter>code-core</Filter>
    </ClCompile>
    <ClCompile Include="$(IntDir)GeneratedProtobuf\DataStorage_FRUSTUM_OF_PYRAMID.pb.cc">
      <Filter>code-core</Filter>
    </ClCompile>
    <ClCompile Include="$(IntDir)GeneratedProtobuf\DataStorage_LINE2D.pb.cc">
      <Filter>code-core</Filter>
    </ClCompile>
    <ClCompile Include="$(IntDir)GeneratedProtobuf\DataStorage_PAGE2D.pb.cc">
      <Filter>code-core</Filter>
    </ClCompile>
    <ClCompile Include="$(IntDir)GeneratedProtobuf\DataStorage_PARALLELEPIPED.pb.cc">
      <Filter>code-core</Filter>
    </ClCompile>
    <ClCompile Include="$(IntDir)GeneratedProtobuf\DataStorage_PIPE.pb.cc">
      <Filter>code-core</Filter>
    </ClCompile>
    <ClCompile Include="$(IntDir)GeneratedProtobuf\DataStorage_POLYLINE2D.pb.cc">
      <Filter>code-core</Filter>
    </ClCompile>
    <ClCompile Include="$(IntDir)GeneratedProtobuf\DataStorage_POLYGON2D.pb.cc">
      <Filter>code-core</Filter>
    </ClCompile>
    <ClCompile Include="$(IntDir)GeneratedProtobuf\DataStorage_TEXT2D.pb.cc">
      <Filter>code-core</Filter>
    </ClCompile>
    <ClCompile Include="$(IntDir)GeneratedProtobuf\DataStorage_PYRAMID.pb.cc">
      <Filter>code-core</Filter>
    </ClCompile>
    <ClCompile Include="$(IntDir)GeneratedProtobuf\DataStorage_SCENE3D.pb.cc">
      <Filter>code-core</Filter>
    </ClCompile>
    <ClCompile Include="$(IntDir)GeneratedProtobuf\DataStorage_SPHERE.pb.cc">
      <Filter>code-core</Filter>
    </ClCompile>
    <ClCompile Include="$(IntDir)GeneratedProtobuf\DataStorage_TORUS.pb.cc">
      <Filter>code-core</Filter>
    </ClCompile>
    <ClCompile Include="Main.cpp">
      <Filter>code-core</Filter>
    </ClCompile>
    <ClCompile Include="preCompiledHeadersWindows.cpp">
      <Filter>code-core</Filter>
    </ClCompile>
    <ClCompile Include="..\code-core\विश्वकर्मा.cpp">
      <Filter>code-core</Filter>
    </ClCompile>
    <ClCompile Include="GlobalVariables.cpp">
      <Filter>code-core</Filter>
    </ClCompile>
    <ClCompile Include="MemoryManagerGPU-DirectX12.cpp">
      <Filter>code-core</Filter>
    </ClCompile>
    <ClCompile Include="Selection3D-DirectX12.cpp">
      <Filter>code-core</Filter>
    </ClCompile>
    <ClCompile Include="RenderPage2D.cpp">
      <Filter>code-core</Filter>
    </ClCompile>
    <ClCompile Include="RenderPage2D-DirectX12.cpp">
      <Filter>code-core</Filter>
    </ClCompile>
    <ClCompile Include="ImageHandling.cpp">
      <Filter>code-core</Filter>
    </ClCompile>
    <ClCompile Include="FontManager.h">
      <Filter>code-core</Filter>
    </ClCompile>
    <ClCompile Include="UserInterface-DirectX12.cpp">
      <Filter>code-core</Filter>
    </ClCompile>
    <ClCompile Include="FontManager.cpp">
      <Filter>code-core</Filter>
    </ClCompile>
    <ClCompile Include="UserInterfaceTranslationCompiled.cpp">
      <Filter>code-core</Filter>
    </ClCompile>
    <ClCompile Include="SVGIconRenderer.cpp">
      <Filter>code-core</Filter>
    </ClCompile>
    <ClCompile Include="ExtensionCommunications.cpp">
      <Filter>code-core</Filter>
    </ClCompile>
    <ClCompile Include="$(IntDir)GeneratedProtobuf\ExtensionIPC.pb.cc">
      <Filter>code-core</Filter>
    </ClCompile>
    <ClCompile Include="PrinterController.cpp">
      <Filter>code-core</Filter>
    </ClCompile>
    <ClCompile Include="SoftwareUpdate.cpp">
      <Filter>code-core</Filter>
    </ClCompile>
    <ClCompile Include="RenderScene3D-DirectX12.cpp">
      <Filter>code-core</Filter>
    </ClCompile>
    <ClCompile Include="RenderCompositor-DirectX12.cpp">
      <Filter>code-core</Filter>
    </ClCompile>
    <ClCompile Include="RenderCompositor.cpp">
      <Filter>code-core</Filter>
    </ClCompile>
    <ClCompile Include="UserInterface.cpp">
      <Filter>code-core</Filter>
    </ClCompile>
  </ItemGroup>
  <ItemGroup>
    <ClInclude Include="AccountManager.h">
      <Filter>code-core</Filter>
    </ClInclude>
    <ClInclude Include="ImprovementData.h">
      <Filter>code-core</Filter>
    </ClInclude>
    <ClInclude Include="DataTreeView.h">
      <Filter>code-core</Filter>
    </ClInclude>
    <ClInclude Include="PropertyPane.h">
      <Filter>code-core</Filter>
    </ClInclude>
    <ClInclude Include="DataStorage.h">
      <Filter>code-core</Filter>
    </ClInclude>
    <ClInclude Include="..\code-core\CommonNamedNumbers.h">
      <Filter>code-core</Filter>
    </ClInclude>
    <ClInclude Include="preCompiledHeadersWindows.h">
      <Filter>code-core</Filter>
    </ClInclude>
    <ClInclude Include="..\code-core\ID.h">
      <Filter>code-core</Filter>
    </ClInclude>
    <ClInclude Include="..\code-core\Input_UI_Network_File.h">
      <Filter>code-core</Filter>
    </ClInclude>
    <ClInclude Include="..\code-core\MemoryManagerCPU.h">
      <Filter>code-core</Filter>
    </ClInclude>
    <ClInclude Include="..\code-core\MemoryManagerGPU.h">
      <Filter>code-core</Filter>
    </ClInclude>
    <ClInclude Include="..\code-core\VirtualMemory.h">
      <Filter>code-core</Filter>
    </ClInclude>
    <ClInclude Include="..\code-core\VishwakarmaID64bit.h">
      <Filter>code-core</Filter>
    </ClInclude>
    <ClInclude Include="..\code-core\डेटा.h">
      <Filter>code-core</Filter>
    </ClInclude>
    <ClInclude Include="..\code-core\डेटा-उपकरण.h">
      <Filter>code-core</Filter>
    </ClInclude>
    <ClInclude Include="..\code-core\डेटा-गतिशील-मशीन.h">
      <Filter>code-core</Filter>
    </ClInclude>
    <ClInclude Include="..\code-core\डेटा-पाइप.h">
      <Filter>code-core</Filter>
    </ClInclude>
    <ClInclude Include="..\code-core\डेटा-बिजली.h">
      <Filter>code-core</Filter>
    </ClInclude>
    <ClInclude Include="..\code-core\डेटा-संरचना.h">
      <Filter>code-core</Filter>
    </ClInclude>
    <ClInclude Include="..\code-core\डेटा-सामान्य-2D.h">
      <Filter>code-core</Filter>
    </ClInclude>
    <ClInclude Include="..\code-core\डेटा-सामान्य-3D.h">
      <Filter>code-core</Filter>
    </ClInclude>
    <ClInclude Include="..\code-core\डेटा-स्थिर-मशीन.h">
      <Filter>code-core</Filter>
    </ClInclude>
    <ClInclude Include="..\code-core\विश्वकर्मा.h">
      <Filter>code-core</Filter>
    </ClInclude>
    <ClInclude Include="resource.h">
      <Filter>code-core</Filter>
    </ClInclude>
    <ClInclude Include="MemoryManagerGPU-DirectX12.h">
      <Filter>code-core</Filter>
    </ClInclude>
    <ClInclude Include="Selection3D-DirectX12.h">
      <Filter>code-core</Filter>
    </ClInclude>
    <ClInclude Include="RenderPage2D.h">
      <Filter>code-core</Filter>
    </ClInclude>
    <ClInclude Include="RenderPage2D-DirectX12.h">
      <Filter>code-core</Filter>
    </ClInclude>
    <ClInclude Include="MemoryManagerGPU-Vulkan1.1.h">
      <Filter>code-core</Filter>
    </ClInclude>
    <ClInclude Include="UserInputProcessing.h">
      <Filter>code-core</Filter>
    </ClInclude>
    <ClInclude Include="ConstantsApplication.h">
      <Filter>code-core</Filter>
    </ClInclude>
    <ClInclude Include="ConstantsPhysics.h">
      <Filter>code-core</Filter>
    </ClInclude>
    <ClInclude Include="ConstantsText.h">
      <Filter>code-core</Filter>
    </ClInclude>
    <ClInclude Include="UserInterface-DirectX12.h">
      <Filter>code-core</Filter>
    </ClInclude>
    <ClInclude Include="UserInterface-TextTranslations.h">
      <Filter>code-core</Filter>
    </ClInclude>
    <ClInclude Include="UserInterface.h">
      <Filter>code-core</Filter>
    </ClInclude>
    <ClInclude Include="TextureSaver.h">
      <Filter>code-core</Filter>
    </ClInclude>
    <ClInclude Include="UserInterfaceTranslationCompiled.h">
      <Filter>code-core</Filter>
    </ClInclude>
    <ClInclude Include="ListOfCommands.h">
      <Filter>code-core</Filter>
    </ClInclude>
    <ClInclude Include="SVGIconManifest.h">
      <Filter>code-core</Filter>
    </ClInclude>
    <ClInclude Include="SVGIconRenderer.h">
      <Filter>code-core</Filter>
    </ClInclude>
    <ClInclude Include="ExtensionCommunications.h" />
    <ClInclude Include="PrinterController.h" />
    <ClInclude Include="SoftwareUpdate.h" />
    <ClInclude Include="GPUPlatformSelector.h">
      <Filter>code-core</Filter>
    </ClInclude>
    <ClInclude Include="RenderScene3D.h">
      <Filter>code-core</Filter>
    </ClInclude>
    <ClInclude Include="colors.h">
      <Filter>code-core</Filter>
    </ClInclude>
    <ClInclude Include="RenderScene3D-DirectX12.h">
      <Filter>code-core</Filter>
    </ClInclude>
    <ClInclude Include="RenderCompositor-DirectX12.h">
      <Filter>code-core</Filter>
    </ClInclude>
    <ClInclude Include="RenderCompositor.h">
      <Filter>code-core</Filter>
    </ClInclude>
  </ItemGroup>
  <ItemGroup>
    <FxCompile Include="VertexShader.hlsl" />
    <FxCompile Include="PixelShader.hlsl" />
    <FxCompile Include="ShaderScenePixel.hlsl" />
    <FxCompile Include="ShaderSceneVertex.hlsl" />
    <FxCompile Include="ShaderScenePickVertex.hlsl" />
    <FxCompile Include="ShaderScenePickPixel.hlsl" />
    <FxCompile Include="ShaderSceneHighlightPixel.hlsl" />
    <FxCompile Include="ShaderCubeVertex.hlsl" />
    <FxCompile Include="ShaderCubePixel.hlsl" />
    <FxCompile Include="ShaderUIPixel.hlsl" />
    <FxCompile Include="ShaderUIVertex.hlsl" />
    <FxCompile Include="Shader2D_LineVertex.hlsl" />
    <FxCompile Include="Shader2D_LinePixel.hlsl" />
    <FxCompile Include="Shader2D_CurveVertex.hlsl" />
    <FxCompile Include="Shader2D_CurvePixel.hlsl" />
    <FxCompile Include="Shader2D_TextVertex.hlsl" />
    <FxCompile Include="Shader2D_TextPixel.hlsl" />
  </ItemGroup>
  <ItemGroup>
    <None Include="DataStorage_ARC2D.proto">
      <Filter>code-core</Filter>
    </None>
    <None Include="DataStorage_CIRCLE2D.proto">
      <Filter>code-core</Filter>
    </None>
    <None Include="DataStorage_Common3D.proto">
      <Filter>code-core</Filter>
    </None>
    <None Include="DataStorage_CUBOID.proto">
      <Filter>code-core</Filter>
    </None>
    <None Include="DataStorage_CONE.proto">
      <Filter>code-core</Filter>
    </None>
    <None Include="DataStorage_CYLINDER.proto">
      <Filter>code-core</Filter>
    </None>
    <None Include="DataStorage_ELLIPSOID.proto">
      <Filter>code-core</Filter>
    </None>
    <None Include="DataStorage_ELLIPSE2D.proto">
      <Filter>code-core</Filter>
    </None>
    <None Include="DataStorage_FOLDER.proto">
      <Filter>code-core</Filter>
    </None>
    <None Include="DataStorage_FRUSTUM_OF_CONE.proto">
      <Filter>code-core</Filter>
    </None>
    <None Include="DataStorage_FRUSTUM_OF_PYRAMID.proto">
      <Filter>code-core</Filter>
    </None>
    <None Include="DataStorage_LINE2D.proto">
      <Filter>code-core</Filter>
    </None>
    <None Include="DataStorage_PAGE2D.proto">
      <Filter>code-core</Filter>
    </None>
    <None Include="DataStorage_PARALLELEPIPED.proto">
      <Filter>code-core</Filter>
    </None>
    <None Include="DataStorage_PIPE.proto">
      <Filter>code-core</Filter>
    </None>
    <None Include="DataStorage_POLYLINE2D.proto">
      <Filter>code-core</Filter>
    </None>
    <None Include="DataStorage_POLYGON2D.proto">
      <Filter>code-core</Filter>
    </None>
    <None Include="DataStorage_TEXT2D.proto">
      <Filter>code-core</Filter>
    </None>
    <None Include="DataStorage_PYRAMID.proto">
      <Filter>code-core</Filter>
    </None>
    <None Include="DataStorage_SCENE3D.proto">
      <Filter>code-core</Filter>
    </None>
    <None Include="DataStorage_SPHERE.proto">
      <Filter>code-core</Filter>
    </None>
    <None Include="DataStorage_TORUS.proto">
      <Filter>code-core</Filter>
    </None>
    <None Include="..\code-miscellaneous\GenerateDataStorageProtobuf.ps1">
      <Filter>code-miscellaneous</Filter>
    </None>
    <None Include="..\code-miscellaneous\svg_icon_embedder.py">
      <Filter>code-miscellaneous</Filter>
    </None>
    <None Include="ExtensionIPC.proto" />
    <None Include="..\code-miscellaneous\DeployExtensions.ps1" />
    <None Include="..\code-miscellaneous\msdf_charset_exporter.py" />
  </ItemGroup>
  <ItemGroup>
    <Image Include="..\code-core\logo.ico">
      <Filter>code-core</Filter>
    </Image>
    <Image Include="..\website\static\apple-touch-icon.png" />
  </ItemGroup>
  <ItemGroup>
    <ResourceCompile Include="Vishwakarma.rc">
      <Filter>code-core</Filter>
    </ResourceCompile>
  </ItemGroup>
</Project>